
Microsoft Visual Studio Solution File, Format Version 12.00
# Visual Studio 15
Project("{FAE04EC0-301F-11D3-BF4B-00C04F79EFBC}") = "UnityEngine.TestRunner", "UnityEngine.TestRunner.csproj", "{C653F3E5-8BC5-9D30-E452-ADCE0E76CBDB}"
EndProject
Project("{FAE04EC0-301F-11D3-BF4B-00C04F79EFBC}") = "Unity.Mathematics", "Unity.Mathematics.csproj", "{1D290BA5-3CA9-FC8E-B44F-49F2D4210C8C}"
EndProject
Project("{FAE04EC0-301F-11D3-BF4B-00C04F79EFBC}") = "Unity.Timeline", "Unity.Timeline.csproj", "{F3F15922-557F-941D-446A-40F36F7ACE16}"
EndProject
Project("{FAE04EC0-301F-11D3-BF4B-00C04F79EFBC}") = "UnityEngine.UI", "UnityEngine.UI.csproj", "{968C7527-0786-3E96-41DA-6CF4B0A56CC8}"
EndProject
Project("{FAE04EC0-301F-11D3-BF4B-00C04F79EFBC}") = "Unity.TextMeshPro", "Unity.TextMeshPro.csproj", "{9853CAB1-B639-C7DC-B6F4-CC0A7D970D53}"
EndProject
Project("{FAE04EC0-301F-11D3-BF4B-00C04F79EFBC}") = "Unity.2D.Animation.Runtime", "Unity.2D.Animation.Runtime.csproj", "{D0E745DE-E688-5C0F-29F5-DFF049337BD9}"
EndProject
Project("{FAE04EC0-301F-11D3-BF4B-00C04F79EFBC}") = "Unity.2D.IK.Runtime", "Unity.2D.IK.Runtime.csproj", "{35B5D3E5-67BE-41B3-1537-D60FD73EA953}"
EndProject
Project("{FAE04EC0-301F-11D3-BF4B-00C04F79EFBC}") = "Unity.2D.SpriteShape.Runtime", "Unity.2D.SpriteShape.Runtime.csproj", "{991365EC-64BE-1BCB-0B37-FF0A39794BDE}"
EndProject
Project("{FAE04EC0-301F-11D3-BF4B-00C04F79EFBC}") = "Unity.2D.PixelPerfect", "Unity.2D.PixelPerfect.csproj", "{65203435-056D-D6B3-3A46-F1FB7CFC448E}"
EndProject
Project("{FAE04EC0-301F-11D3-BF4B-00C04F79EFBC}") = "Unity.2D.Common.Runtime", "Unity.2D.Common.Runtime.csproj", "{1848797F-FA0A-9011-3E29-8FF255D8DE6C}"
EndProject
Project("{FAE04EC0-301F-11D3-BF4B-00C04F79EFBC}") = "Unity.InternalAPIEngineBridge.001", "Unity.InternalAPIEngineBridge.001.csproj", "{6AAF98F4-AC8C-7F99-6C3D-E7B8DA5464EB}"
EndProject
Project("{FAE04EC0-301F-11D3-BF4B-00C04F79EFBC}") = "Assembly-CSharp", "Assembly-CSharp.csproj", "{6B993608-FCB3-3496-6126-8870805DD401}"
EndProject
Project("{FAE04EC0-301F-11D3-BF4B-00C04F79EFBC}") = "UnityEditor.TestRunner", "UnityEditor.TestRunner.csproj", "{45AB1BA6-9AF2-3402-D1AE-FDE2B72A09E1}"
EndProject
Project("{FAE04EC0-301F-11D3-BF4B-00C04F79EFBC}") = "Unity.PlasticSCM.Editor", "Unity.PlasticSCM.Editor.csproj", "{9513B5D1-40F8-74DA-7684-B6D4C89DCF27}"
EndProject
Project("{FAE04EC0-301F-11D3-BF4B-00C04F79EFBC}") = "Unity.2D.Animation.Triangle.Editor", "Unity.2D.Animation.Triangle.Editor.csproj", "{1305E913-1412-79BB-2E5E-FCA57A5FBBD3}"
EndProject
Project("{FAE04EC0-301F-11D3-BF4B-00C04F79EFBC}") = "UnityEditor.UI", "UnityEditor.UI.csproj", "{01B10AAA-30CA-4362-487F-91A48D2433A3}"
EndProject
Project("{FAE04EC0-301F-11D3-BF4B-00C04F79EFBC}") = "Unity.Timeline.Editor", "Unity.Timeline.Editor.csproj", "{DCA3A9BA-B030-1345-7705-D083B3E89210}"
EndProject
Project("{FAE04EC0-301F-11D3-BF4B-00C04F79EFBC}") = "Unity.VisualStudio.Editor", "Unity.VisualStudio.Editor.csproj", "{B649C691-56FB-A4D7-D6BA-C00C8A61B593}"
EndProject
Project("{FAE04EC0-301F-11D3-BF4B-00C04F79EFBC}") = "Unity.2D.Psdimporter.Editor", "Unity.2D.Psdimporter.Editor.csproj", "{3F8539F5-3E4F-1173-D252-1486C9C2DD6A}"
EndProject
Project("{FAE04EC0-301F-11D3-BF4B-00C04F79EFBC}") = "Unity.2D.Animation.Editor", "Unity.2D.Animation.Editor.csproj", "{682E0B9C-E550-4339-5597-D07C50C4E247}"
EndProject
Project("{FAE04EC0-301F-11D3-BF4B-00C04F79EFBC}") = "Unity.TextMeshPro.Editor", "Unity.TextMeshPro.Editor.csproj", "{150D20F0-3229-CF1A-CD00-0CA367B49A15}"
EndProject
Project("{FAE04EC0-301F-11D3-BF4B-00C04F79EFBC}") = "Unity.2D.SpriteShape.Editor", "Unity.2D.SpriteShape.Editor.csproj", "{3DB7B3EE-8A2B-EA2A-1DE0-1B8BA0A82F02}"
EndProject
Project("{FAE04EC0-301F-11D3-BF4B-00C04F79EFBC}") = "PsdPlugin", "PsdPlugin.csproj", "{7852F16F-F358-FDDA-8B24-371171696AD6}"
EndProject
Project("{FAE04EC0-301F-11D3-BF4B-00C04F79EFBC}") = "Unity.2D.Path.Editor", "Unity.2D.Path.Editor.csproj", "{47A1B13F-CBA8-0584-8692-029B243CF59B}"
EndProject
Project("{FAE04EC0-301F-11D3-BF4B-00C04F79EFBC}") = "Unity.Rider.Editor", "Unity.Rider.Editor.csproj", "{11172DE2-6528-2A81-F696-7E4A8B3F0B68}"
EndProject
Project("{FAE04EC0-301F-11D3-BF4B-00C04F79EFBC}") = "Unity.2D.IK.Editor", "Unity.2D.IK.Editor.csproj", "{0EFCA0E5-2BEA-A415-88FF-AE8B0842D3F7}"
EndProject
Project("{FAE04EC0-301F-11D3-BF4B-00C04F79EFBC}") = "Unity.2D.Sprite.Editor", "Unity.2D.Sprite.Editor.csproj", "{3D27E4E4-9D0C-D0BF-CF3B-5C26D5507E9B}"
EndProject
Project("{FAE04EC0-301F-11D3-BF4B-00C04F79EFBC}") = "Unity.2D.Tilemap.Editor", "Unity.2D.Tilemap.Editor.csproj", "{6A141C59-9697-6E06-9B47-A2847085BD75}"
EndProject
Project("{FAE04EC0-301F-11D3-BF4B-00C04F79EFBC}") = "Unity.2D.PixelPerfect.Editor", "Unity.2D.PixelPerfect.Editor.csproj", "{77B3C517-6B25-71F9-21C8-674035903A86}"
EndProject
Project("{FAE04EC0-301F-11D3-BF4B-00C04F79EFBC}") = "Unity.VSCode.Editor", "Unity.VSCode.Editor.csproj", "{A5141AF3-4496-2AA4-3154-D04BB8A83B37}"
EndProject
Project("{FAE04EC0-301F-11D3-BF4B-00C04F79EFBC}") = "Unity.2D.Common.Editor", "Unity.2D.Common.Editor.csproj", "{BC9C6C8D-5192-E88E-4F8B-3D38A44CCACB}"
EndProject
Project("{FAE04EC0-301F-11D3-BF4B-00C04F79EFBC}") = "Unity.Mathematics.Editor", "Unity.Mathematics.Editor.csproj", "{463A05DE-45C6-09BF-EA67-3C2E0B3730F6}"
EndProject
Project("{FAE04EC0-301F-11D3-BF4B-00C04F79EFBC}") = "Unity.CollabProxy.Editor", "Unity.CollabProxy.Editor.csproj", "{26FCC355-7A3B-837F-5FEE-28E7910FC7B2}"
EndProject
Project("{FAE04EC0-301F-11D3-BF4B-00C04F79EFBC}") = "Unity.InternalAPIEditorBridge.001", "Unity.InternalAPIEditorBridge.001.csproj", "{2C58F5A5-904A-6D65-4CC7-8F69B5D1D7C4}"
EndProject
Project("{FAE04EC0-301F-11D3-BF4B-00C04F79EFBC}") = "UnityEngine.TestRunner", "UnityEngine.TestRunner.Player.csproj", "{051D7EA0-AC2E-DAC4-A41D-F071D98579F2}"
EndProject
Project("{FAE04EC0-301F-11D3-BF4B-00C04F79EFBC}") = "Unity.Mathematics", "Unity.Mathematics.Player.csproj", "{B0E11C4A-4A85-A4FE-326A-E812BB9966DA}"
EndProject
Project("{FAE04EC0-301F-11D3-BF4B-00C04F79EFBC}") = "Unity.Timeline", "Unity.Timeline.Player.csproj", "{93AB7473-6A4B-2EF8-3E2C-107AC144EDC6}"
EndProject
Project("{FAE04EC0-301F-11D3-BF4B-00C04F79EFBC}") = "UnityEngine.UI", "UnityEngine.UI.Player.csproj", "{65B26B72-8E92-6079-384B-F2B45A88C032}"
EndProject
Project("{FAE04EC0-301F-11D3-BF4B-00C04F79EFBC}") = "Unity.TextMeshPro", "Unity.TextMeshPro.Player.csproj", "{63450A7C-F529-F089-2E39-6543DDC12540}"
EndProject
Project("{FAE04EC0-301F-11D3-BF4B-00C04F79EFBC}") = "Unity.2D.Animation.Runtime", "Unity.2D.Animation.Runtime.Player.csproj", "{00584ECF-DA54-B147-3CCA-F8FF5B8383B6}"
EndProject
Project("{FAE04EC0-301F-11D3-BF4B-00C04F79EFBC}") = "Unity.2D.IK.Runtime", "Unity.2D.IK.Runtime.Player.csproj", "{4A50B773-C347-0487-BED6-85FB114D2508}"
EndProject
Project("{FAE04EC0-301F-11D3-BF4B-00C04F79EFBC}") = "Unity.2D.SpriteShape.Runtime", "Unity.2D.SpriteShape.Runtime.Player.csproj", "{33186AF9-67ED-EDFC-F238-5B93D461AC69}"
EndProject
Project("{FAE04EC0-301F-11D3-BF4B-00C04F79EFBC}") = "Unity.2D.PixelPerfect", "Unity.2D.PixelPerfect.Player.csproj", "{BA914043-E305-88F3-4424-013CF4DBE63C}"
EndProject
Project("{FAE04EC0-301F-11D3-BF4B-00C04F79EFBC}") = "Unity.2D.Common.Runtime", "Unity.2D.Common.Runtime.Player.csproj", "{9205433E-DD4B-6733-DA7C-7F3B4F48231D}"
EndProject
Project("{FAE04EC0-301F-11D3-BF4B-00C04F79EFBC}") = "Unity.InternalAPIEngineBridge.001", "Unity.InternalAPIEngineBridge.001.Player.csproj", "{AF12137D-D0BD-B1D4-341C-1DF9CDA7145F}"
EndProject
Project("{FAE04EC0-301F-11D3-BF4B-00C04F79EFBC}") = "Assembly-CSharp", "Assembly-CSharp.Player.csproj", "{67B1DBB3-2E2B-4DC1-1C3D-038C007AB92F}"
EndProject
Global
	GlobalSection(SolutionConfigurationPlatforms) = preSolution
		Debug|Any CPU = Debug|Any CPU
		Release|Any CPU = Release|Any CPU
	EndGlobalSection
	GlobalSection(ProjectConfigurationPlatforms) = postSolution
		{C653F3E5-8BC5-9D30-E452-ADCE0E76CBDB}.Debug|Any CPU.ActiveCfg = Debug|Any CPU
		{C653F3E5-8BC5-9D30-E452-ADCE0E76CBDB}.Debug|Any CPU.Build.0 = Debug|Any CPU
		{C653F3E5-8BC5-9D30-E452-ADCE0E76CBDB}.Release|Any CPU.ActiveCfg = Release|Any CPU
		{C653F3E5-8BC5-9D30-E452-ADCE0E76CBDB}.Release|Any CPU.Build.0 = Release|Any CPU
		{1D290BA5-3CA9-FC8E-B44F-49F2D4210C8C}.Debug|Any CPU.ActiveCfg = Debug|Any CPU
		{1D290BA5-3CA9-FC8E-B44F-49F2D4210C8C}.Debug|Any CPU.Build.0 = Debug|Any CPU
		{1D290BA5-3CA9-FC8E-B44F-49F2D4210C8C}.Release|Any CPU.ActiveCfg = Release|Any CPU
		{1D290BA5-3CA9-FC8E-B44F-49F2D4210C8C}.Release|Any CPU.Build.0 = Release|Any CPU
		{F3F15922-557F-941D-446A-40F36F7ACE16}.Debug|Any CPU.ActiveCfg = Debug|Any CPU
		{F3F15922-557F-941D-446A-40F36F7ACE16}.Debug|Any CPU.Build.0 = Debug|Any CPU
		{F3F15922-557F-941D-446A-40F36F7ACE16}.Release|Any CPU.ActiveCfg = Release|Any CPU
		{F3F15922-557F-941D-446A-40F36F7ACE16}.Release|Any CPU.Build.0 = Release|Any CPU
		{968C7527-0786-3E96-41DA-6CF4B0A56CC8}.Debug|Any CPU.ActiveCfg = Debug|Any CPU
		{968C7527-0786-3E96-41DA-6CF4B0A56CC8}.Debug|Any CPU.Build.0 = Debug|Any CPU
		{968C7527-0786-3E96-41DA-6CF4B0A56CC8}.Release|Any CPU.ActiveCfg = Release|Any CPU
		{968C7527-0786-3E96-41DA-6CF4B0A56CC8}.Release|Any CPU.Build.0 = Release|Any CPU
		{9853CAB1-B639-C7DC-B6F4-CC0A7D970D53}.Debug|Any CPU.ActiveCfg = Debug|Any CPU
		{9853CAB1-B639-C7DC-B6F4-CC0A7D970D53}.Debug|Any CPU.Build.0 = Debug|Any CPU
		{9853CAB1-B639-C7DC-B6F4-CC0A7D970D53}.Release|Any CPU.ActiveCfg = Release|Any CPU
		{9853CAB1-B639-C7DC-B6F4-CC0A7D970D53}.Release|Any CPU.Build.0 = Release|Any CPU
		{D0E745DE-E688-5C0F-29F5-DFF049337BD9}.Debug|Any CPU.ActiveCfg = Debug|Any CPU
		{D0E745DE-E688-5C0F-29F5-DFF049337BD9}.Debug|Any CPU.Build.0 = Debug|Any CPU
		{D0E745DE-E688-5C0F-29F5-DFF049337BD9}.Release|Any CPU.ActiveCfg = Release|Any CPU
		{D0E745DE-E688-5C0F-29F5-DFF049337BD9}.Release|Any CPU.Build.0 = Release|Any CPU
		{35B5D3E5-67BE-41B3-1537-D60FD73EA953}.Debug|Any CPU.ActiveCfg = Debug|Any CPU
		{35B5D3E5-67BE-41B3-1537-D60FD73EA953}.Debug|Any CPU.Build.0 = Debug|Any CPU
		{35B5D3E5-67BE-41B3-1537-D60FD73EA953}.Release|Any CPU.ActiveCfg = Release|Any CPU
		{35B5D3E5-67BE-41B3-1537-D60FD73EA953}.Release|Any CPU.Build.0 = Release|Any CPU
		{991365EC-64BE-1BCB-0B37-FF0A39794BDE}.Debug|Any CPU.ActiveCfg = Debug|Any CPU
		{991365EC-64BE-1BCB-0B37-FF0A39794BDE}.Debug|Any CPU.Build.0 = Debug|Any CPU
		{991365EC-64BE-1BCB-0B37-FF0A39794BDE}.Release|Any CPU.ActiveCfg = Release|Any CPU
		{991365EC-64BE-1BCB-0B37-FF0A39794BDE}.Release|Any CPU.Build.0 = Release|Any CPU
		{65203435-056D-D6B3-3A46-F1FB7CFC448E}.Debug|Any CPU.ActiveCfg = Debug|Any CPU
		{65203435-056D-D6B3-3A46-F1FB7CFC448E}.Debug|Any CPU.Build.0 = Debug|Any CPU
		{65203435-056D-D6B3-3A46-F1FB7CFC448E}.Release|Any CPU.ActiveCfg = Release|Any CPU
		{65203435-056D-D6B3-3A46-F1FB7CFC448E}.Release|Any CPU.Build.0 = Release|Any CPU
		{1848797F-FA0A-9011-3E29-8FF255D8DE6C}.Debug|Any CPU.ActiveCfg = Debug|Any CPU
		{1848797F-FA0A-9011-3E29-8FF255D8DE6C}.Debug|Any CPU.Build.0 = Debug|Any CPU
		{1848797F-FA0A-9011-3E29-8FF255D8DE6C}.Release|Any CPU.ActiveCfg = Release|Any CPU
		{1848797F-FA0A-9011-3E29-8FF255D8DE6C}.Release|Any CPU.Build.0 = Release|Any CPU
		{6AAF98F4-AC8C-7F99-6C3D-E7B8DA5464EB}.Debug|Any CPU.ActiveCfg = Debug|Any CPU
		{6AAF98F4-AC8C-7F99-6C3D-E7B8DA5464EB}.Debug|Any CPU.Build.0 = Debug|Any CPU
		{6AAF98F4-AC8C-7F99-6C3D-E7B8DA5464EB}.Release|Any CPU.ActiveCfg = Release|Any CPU
		{6AAF98F4-AC8C-7F99-6C3D-E7B8DA5464EB}.Release|Any CPU.Build.0 = Release|Any CPU
		{6B993608-FCB3-3496-6126-8870805DD401}.Debug|Any CPU.ActiveCfg = Debug|Any CPU
		{6B993608-FCB3-3496-6126-8870805DD401}.Debug|Any CPU.Build.0 = Debug|Any CPU
		{6B993608-FCB3-3496-6126-8870805DD401}.Release|Any CPU.ActiveCfg = Release|Any CPU
		{6B993608-FCB3-3496-6126-8870805DD401}.Release|Any CPU.Build.0 = Release|Any CPU
		{45AB1BA6-9AF2-3402-D1AE-FDE2B72A09E1}.Debug|Any CPU.ActiveCfg = Debug|Any CPU
		{45AB1BA6-9AF2-3402-D1AE-FDE2B72A09E1}.Debug|Any CPU.Build.0 = Debug|Any CPU
		{45AB1BA6-9AF2-3402-D1AE-FDE2B72A09E1}.Release|Any CPU.ActiveCfg = Release|Any CPU
		{45AB1BA6-9AF2-3402-D1AE-FDE2B72A09E1}.Release|Any CPU.Build.0 = Release|Any CPU
		{9513B5D1-40F8-74DA-7684-B6D4C89DCF27}.Debug|Any CPU.ActiveCfg = Debug|Any CPU
		{9513B5D1-40F8-74DA-7684-B6D4C89DCF27}.Debug|Any CPU.Build.0 = Debug|Any CPU
		{9513B5D1-40F8-74DA-7684-B6D4C89DCF27}.Release|Any CPU.ActiveCfg = Release|Any CPU
		{9513B5D1-40F8-74DA-7684-B6D4C89DCF27}.Release|Any CPU.Build.0 = Release|Any CPU
		{1305E913-1412-79BB-2E5E-FCA57A5FBBD3}.Debug|Any CPU.ActiveCfg = Debug|Any CPU
		{1305E913-1412-79BB-2E5E-FCA57A5FBBD3}.Debug|Any CPU.Build.0 = Debug|Any CPU
		{1305E913-1412-79BB-2E5E-FCA57A5FBBD3}.Release|Any CPU.ActiveCfg = Release|Any CPU
		{1305E913-1412-79BB-2E5E-FCA57A5FBBD3}.Release|Any CPU.Build.0 = Release|Any CPU
		{01B10AAA-30CA-4362-487F-91A48D2433A3}.Debug|Any CPU.ActiveCfg = Debug|Any CPU
		{01B10AAA-30CA-4362-487F-91A48D2433A3}.Debug|Any CPU.Build.0 = Debug|Any CPU
		{01B10AAA-30CA-4362-487F-91A48D2433A3}.Release|Any CPU.ActiveCfg = Release|Any CPU
		{01B10AAA-30CA-4362-487F-91A48D2433A3}.Release|Any CPU.Build.0 = Release|Any CPU
		{DCA3A9BA-B030-1345-7705-D083B3E89210}.Debug|Any CPU.ActiveCfg = Debug|Any CPU
		{DCA3A9BA-B030-1345-7705-D083B3E89210}.Debug|Any CPU.Build.0 = Debug|Any CPU
		{DCA3A9BA-B030-1345-7705-D083B3E89210}.Release|Any CPU.ActiveCfg = Release|Any CPU
		{DCA3A9BA-B030-1345-7705-D083B3E89210}.Release|Any CPU.Build.0 = Release|Any CPU
		{B649C691-56FB-A4D7-D6BA-C00C8A61B593}.Debug|Any CPU.ActiveCfg = Debug|Any CPU
		{B649C691-56FB-A4D7-D6BA-C00C8A61B593}.Debug|Any CPU.Build.0 = Debug|Any CPU
		{B649C691-56FB-A4D7-D6BA-C00C8A61B593}.Release|Any CPU.ActiveCfg = Release|Any CPU
		{B649C691-56FB-A4D7-D6BA-C00C8A61B593}.Release|Any CPU.Build.0 = Release|Any CPU
		{3F8539F5-3E4F-1173-D252-1486C9C2DD6A}.Debug|Any CPU.ActiveCfg = Debug|Any CPU
		{3F8539F5-3E4F-1173-D252-1486C9C2DD6A}.Debug|Any CPU.Build.0 = Debug|Any CPU
		{3F8539F5-3E4F-1173-D252-1486C9C2DD6A}.Release|Any CPU.ActiveCfg = Release|Any CPU
		{3F8539F5-3E4F-1173-D252-1486C9C2DD6A}.Release|Any CPU.Build.0 = Release|Any CPU
		{682E0B9C-E550-4339-5597-D07C50C4E247}.Debug|Any CPU.ActiveCfg = Debug|Any CPU
		{682E0B9C-E550-4339-5597-D07C50C4E247}.Debug|Any CPU.Build.0 = Debug|Any CPU
		{682E0B9C-E550-4339-5597-D07C50C4E247}.Release|Any CPU.ActiveCfg = Release|Any CPU
		{682E0B9C-E550-4339-5597-D07C50C4E247}.Release|Any CPU.Build.0 = Release|Any CPU
		{150D20F0-3229-CF1A-CD00-0CA367B49A15}.Debug|Any CPU.ActiveCfg = Debug|Any CPU
		{150D20F0-3229-CF1A-CD00-0CA367B49A15}.Debug|Any CPU.Build.0 = Debug|Any CPU
		{150D20F0-3229-CF1A-CD00-0CA367B49A15}.Release|Any CPU.ActiveCfg = Release|Any CPU
		{150D20F0-3229-CF1A-CD00-0CA367B49A15}.Release|Any CPU.Build.0 = Release|Any CPU
		{3DB7B3EE-8A2B-EA2A-1DE0-1B8BA0A82F02}.Debug|Any CPU.ActiveCfg = Debug|Any CPU
		{3DB7B3EE-8A2B-EA2A-1DE0-1B8BA0A82F02}.Debug|Any CPU.Build.0 = Debug|Any CPU
		{3DB7B3EE-8A2B-EA2A-1DE0-1B8BA0A82F02}.Release|Any CPU.ActiveCfg = Release|Any CPU
		{3DB7B3EE-8A2B-EA2A-1DE0-1B8BA0A82F02}.Release|Any CPU.Build.0 = Release|Any CPU
		{7852F16F-F358-FDDA-8B24-371171696AD6}.Debug|Any CPU.ActiveCfg = Debug|Any CPU
		{7852F16F-F358-FDDA-8B24-371171696AD6}.Debug|Any CPU.Build.0 = Debug|Any CPU
		{7852F16F-F358-FDDA-8B24-371171696AD6}.Release|Any CPU.ActiveCfg = Release|Any CPU
		{7852F16F-F358-FDDA-8B24-371171696AD6}.Release|Any CPU.Build.0 = Release|Any CPU
		{47A1B13F-CBA8-0584-8692-029B243CF59B}.Debug|Any CPU.ActiveCfg = Debug|Any CPU
		{47A1B13F-CBA8-0584-8692-029B243CF59B}.Debug|Any CPU.Build.0 = Debug|Any CPU
		{47A1B13F-CBA8-0584-8692-029B243CF59B}.Release|Any CPU.ActiveCfg = Release|Any CPU
		{47A1B13F-CBA8-0584-8692-029B243CF59B}.Release|Any CPU.Build.0 = Release|Any CPU
		{11172DE2-6528-2A81-F696-7E4A8B3F0B68}.Debug|Any CPU.ActiveCfg = Debug|Any CPU
		{11172DE2-6528-2A81-F696-7E4A8B3F0B68}.Debug|Any CPU.Build.0 = Debug|Any CPU
		{11172DE2-6528-2A81-F696-7E4A8B3F0B68}.Release|Any CPU.ActiveCfg = Release|Any CPU
		{11172DE2-6528-2A81-F696-7E4A8B3F0B68}.Release|Any CPU.Build.0 = Release|Any CPU
		{0EFCA0E5-2BEA-A415-88FF-AE8B0842D3F7}.Debug|Any CPU.ActiveCfg = Debug|Any CPU
		{0EFCA0E5-2BEA-A415-88FF-AE8B0842D3F7}.Debug|Any CPU.Build.0 = Debug|Any CPU
		{0EFCA0E5-2BEA-A415-88FF-AE8B0842D3F7}.Release|Any CPU.ActiveCfg = Release|Any CPU
		{0EFCA0E5-2BEA-A415-88FF-AE8B0842D3F7}.Release|Any CPU.Build.0 = Release|Any CPU
		{3D27E4E4-9D0C-D0BF-CF3B-5C26D5507E9B}.Debug|Any CPU.ActiveCfg = Debug|Any CPU
		{3D27E4E4-9D0C-D0BF-CF3B-5C26D5507E9B}.Debug|Any CPU.Build.0 = Debug|Any CPU
		{3D27E4E4-9D0C-D0BF-CF3B-5C26D5507E9B}.Release|Any CPU.ActiveCfg = Release|Any CPU
		{3D27E4E4-9D0C-D0BF-CF3B-5C26D5507E9B}.Release|Any CPU.Build.0 = Release|Any CPU
		{6A141C59-9697-6E06-9B47-A2847085BD75}.Debug|Any CPU.ActiveCfg = Debug|Any CPU
		{6A141C59-9697-6E06-9B47-A2847085BD75}.Debug|Any CPU.Build.0 = Debug|Any CPU
		{6A141C59-9697-6E06-9B47-A2847085BD75}.Release|Any CPU.ActiveCfg = Release|Any CPU
		{6A141C59-9697-6E06-9B47-A2847085BD75}.Release|Any CPU.Build.0 = Release|Any CPU
		{77B3C517-6B25-71F9-21C8-674035903A86}.Debug|Any CPU.ActiveCfg = Debug|Any CPU
		{77B3C517-6B25-71F9-21C8-674035903A86}.Debug|Any CPU.Build.0 = Debug|Any CPU
		{77B3C517-6B25-71F9-21C8-674035903A86}.Release|Any CPU.ActiveCfg = Release|Any CPU
		{77B3C517-6B25-71F9-21C8-674035903A86}.Release|Any CPU.Build.0 = Release|Any CPU
		{A5141AF3-4496-2AA4-3154-D04BB8A83B37}.Debug|Any CPU.ActiveCfg = Debug|Any CPU
		{A5141AF3-4496-2AA4-3154-D04BB8A83B37}.Debug|Any CPU.Build.0 = Debug|Any CPU
		{A5141AF3-4496-2AA4-3154-D04BB8A83B37}.Release|Any CPU.ActiveCfg = Release|Any CPU
		{A5141AF3-4496-2AA4-3154-D04BB8A83B37}.Release|Any CPU.Build.0 = Release|Any CPU
		{BC9C6C8D-5192-E88E-4F8B-3D38A44CCACB}.Debug|Any CPU.ActiveCfg = Debug|Any CPU
		{BC9C6C8D-5192-E88E-4F8B-3D38A44CCACB}.Debug|Any CPU.Build.0 = Debug|Any CPU
		{BC9C6C8D-5192-E88E-4F8B-3D38A44CCACB}.Release|Any CPU.ActiveCfg = Release|Any CPU
		{BC9C6C8D-5192-E88E-4F8B-3D38A44CCACB}.Release|Any CPU.Build.0 = Release|Any CPU
		{463A05DE-45C6-09BF-EA67-3C2E0B3730F6}.Debug|Any CPU.ActiveCfg = Debug|Any CPU
		{463A05DE-45C6-09BF-EA67-3C2E0B3730F6}.Debug|Any CPU.Build.0 = Debug|Any CPU
		{463A05DE-45C6-09BF-EA67-3C2E0B3730F6}.Release|Any CPU.ActiveCfg = Release|Any CPU
		{463A05DE-45C6-09BF-EA67-3C2E0B3730F6}.Release|Any CPU.Build.0 = Release|Any CPU
		{26FCC355-7A3B-837F-5FEE-28E7910FC7B2}.Debug|Any CPU.ActiveCfg = Debug|Any CPU
		{26FCC355-7A3B-837F-5FEE-28E7910FC7B2}.Debug|Any CPU.Build.0 = Debug|Any CPU
		{26FCC355-7A3B-837F-5FEE-28E7910FC7B2}.Release|Any CPU.ActiveCfg = Release|Any CPU
		{26FCC355-7A3B-837F-5FEE-28E7910FC7B2}.Release|Any CPU.Build.0 = Release|Any CPU
		{2C58F5A5-904A-6D65-4CC7-8F69B5D1D7C4}.Debug|Any CPU.ActiveCfg = Debug|Any CPU
		{2C58F5A5-904A-6D65-4CC7-8F69B5D1D7C4}.Debug|Any CPU.Build.0 = Debug|Any CPU
		{2C58F5A5-904A-6D65-4CC7-8F69B5D1D7C4}.Release|Any CPU.ActiveCfg = Release|Any CPU
		{2C58F5A5-904A-6D65-4CC7-8F69B5D1D7C4}.Release|Any CPU.Build.0 = Release|Any CPU
		{051D7EA0-AC2E-DAC4-A41D-F071D98579F2}.Debug|Any CPU.ActiveCfg = Debug|Any CPU
		{051D7EA0-AC2E-DAC4-A41D-F071D98579F2}.Debug|Any CPU.Build.0 = Debug|Any CPU
		{051D7EA0-AC2E-DAC4-A41D-F071D98579F2}.Release|Any CPU.ActiveCfg = Release|Any CPU
		{051D7EA0-AC2E-DAC4-A41D-F071D98579F2}.Release|Any CPU.Build.0 = Release|Any CPU
		{B0E11C4A-4A85-A4FE-326A-E812BB9966DA}.Debug|Any CPU.ActiveCfg = Debug|Any CPU
		{B0E11C4A-4A85-A4FE-326A-E812BB9966DA}.Debug|Any CPU.Build.0 = Debug|Any CPU
		{B0E11C4A-4A85-A4FE-326A-E812BB9966DA}.Release|Any CPU.ActiveCfg = Release|Any CPU
		{B0E11C4A-4A85-A4FE-326A-E812BB9966DA}.Release|Any CPU.Build.0 = Release|Any CPU
		{93AB7473-6A4B-2EF8-3E2C-107AC144EDC6}.Debug|Any CPU.ActiveCfg = Debug|Any CPU
		{93AB7473-6A4B-2EF8-3E2C-107AC144EDC6}.Debug|Any CPU.Build.0 = Debug|Any CPU
		{93AB7473-6A4B-2EF8-3E2C-107AC144EDC6}.Release|Any CPU.ActiveCfg = Release|Any CPU
		{93AB7473-6A4B-2EF8-3E2C-107AC144EDC6}.Release|Any CPU.Build.0 = Release|Any CPU
		{65B26B72-8E92-6079-384B-F2B45A88C032}.Debug|Any CPU.ActiveCfg = Debug|Any CPU
		{65B26B72-8E92-6079-384B-F2B45A88C032}.Debug|Any CPU.Build.0 = Debug|Any CPU
		{65B26B72-8E92-6079-384B-F2B45A88C032}.Release|Any CPU.ActiveCfg = Release|Any CPU
		{65B26B72-8E92-6079-384B-F2B45A88C032}.Release|Any CPU.Build.0 = Release|Any CPU
		{63450A7C-F529-F089-2E39-6543DDC12540}.Debug|Any CPU.ActiveCfg = Debug|Any CPU
		{63450A7C-F529-F089-2E39-6543DDC12540}.Debug|Any CPU.Build.0 = Debug|Any CPU
		{63450A7C-F529-F089-2E39-6543DDC12540}.Release|Any CPU.ActiveCfg = Release|Any CPU
		{63450A7C-F529-F089-2E39-6543DDC12540}.Release|Any CPU.Build.0 = Release|Any CPU
		{00584ECF-DA54-B147-3CCA-F8FF5B8383B6}.Debug|Any CPU.ActiveCfg = Debug|Any CPU
		{00584ECF-DA54-B147-3CCA-F8FF5B8383B6}.Debug|Any CPU.Build.0 = Debug|Any CPU
		{00584ECF-DA54-B147-3CCA-F8FF5B8383B6}.Release|Any CPU.ActiveCfg = Release|Any CPU
		{00584ECF-DA54-B147-3CCA-F8FF5B8383B6}.Release|Any CPU.Build.0 = Release|Any CPU
		{4A50B773-C347-0487-BED6-85FB114D2508}.Debug|Any CPU.ActiveCfg = Debug|Any CPU
		{4A50B773-C347-0487-BED6-85FB114D2508}.Debug|Any CPU.Build.0 = Debug|Any CPU
		{4A50B773-C347-0487-BED6-85FB114D2508}.Release|Any CPU.ActiveCfg = Release|Any CPU
		{4A50B773-C347-0487-BED6-85FB114D2508}.Release|Any CPU.Build.0 = Release|Any CPU
		{33186AF9-67ED-EDFC-F238-5B93D461AC69}.Debug|Any CPU.ActiveCfg = Debug|Any CPU
		{33186AF9-67ED-EDFC-F238-5B93D461AC69}.Debug|Any CPU.Build.0 = Debug|Any CPU
		{33186AF9-67ED-EDFC-F238-5B93D461AC69}.Release|Any CPU.ActiveCfg = Release|Any CPU
		{33186AF9-67ED-EDFC-F238-5B93D461AC69}.Release|Any CPU.Build.0 = Release|Any CPU
		{BA914043-E305-88F3-4424-013CF4DBE63C}.Debug|Any CPU.ActiveCfg = Debug|Any CPU
		{BA914043-E305-88F3-4424-013CF4DBE63C}.Debug|Any CPU.Build.0 = Debug|Any CPU
		{BA914043-E305-88F3-4424-013CF4DBE63C}.Release|Any CPU.ActiveCfg = Release|Any CPU
		{BA914043-E305-88F3-4424-013CF4DBE63C}.Release|Any CPU.Build.0 = Release|Any CPU
		{9205433E-DD4B-6733-DA7C-7F3B4F48231D}.Debug|Any CPU.ActiveCfg = Debug|Any CPU
		{9205433E-DD4B-6733-DA7C-7F3B4F48231D}.Debug|Any CPU.Build.0 = Debug|Any CPU
		{9205433E-DD4B-6733-DA7C-7F3B4F48231D}.Release|Any CPU.ActiveCfg = Release|Any CPU
		{9205433E-DD4B-6733-DA7C-7F3B4F48231D}.Release|Any CPU.Build.0 = Release|Any CPU
		{AF12137D-D0BD-B1D4-341C-1DF9CDA7145F}.Debug|Any CPU.ActiveCfg = Debug|Any CPU
		{AF12137D-D0BD-B1D4-341C-1DF9CDA7145F}.Debug|Any CPU.Build.0 = Debug|Any CPU
		{AF12137D-D0BD-B1D4-341C-1DF9CDA7145F}.Release|Any CPU.ActiveCfg = Release|Any CPU
		{AF12137D-D0BD-B1D4-341C-1DF9CDA7145F}.Release|Any CPU.Build.0 = Release|Any CPU
		{67B1DBB3-2E2B-4DC1-1C3D-038C007AB92F}.Debug|Any CPU.ActiveCfg = Debug|Any CPU
		{67B1DBB3-2E2B-4DC1-1C3D-038C007AB92F}.Debug|Any CPU.Build.0 = Debug|Any CPU
		{67B1DBB3-2E2B-4DC1-1C3D-038C007AB92F}.Release|Any CPU.ActiveCfg = Release|Any CPU
		{67B1DBB3-2E2B-4DC1-1C3D-038C007AB92F}.Release|Any CPU.Build.0 = Release|Any CPU
	EndGlobalSection
	GlobalSection(SolutionProperties) = preSolution
		HideSolutionNode = FALSE
	EndGlobalSection
EndGlobal
